
Microsoft Visual Studio Solution File, Format Version 12.00
# Visual Studio 2012
Project("{FAE04EC0-301F-11D3-BF4B-00C04F79EFBC}") = "Ck2ScriptsParser", "Ck2ScriptsParser\Ck2ScriptsParser.csproj", "{551938B2-DBB5-463D-86CF-61C9E90563F9}"
EndProject
Global
	GlobalSection(SolutionConfigurationPlatforms) = preSolution
		Debug|Any CPU = Debug|Any CPU
		Release|Any CPU = Release|Any CPU
	EndGlobalSection
	GlobalSection(ProjectConfigurationPlatforms) = postSolution
		{551938B2-DBB5-463D-86CF-61C9E90563F9}.Debug|Any CPU.ActiveCfg = Debug|Any CPU
		{551938B2-DBB5-463D-86CF-61C9E90563F9}.Debug|Any CPU.Build.0 = Debug|Any CPU
		{551938B2-DBB5-463D-86CF-61C9E90563F9}.Release|Any CPU.ActiveCfg = Release|Any CPU
		{551938B2-DBB5-463D-86CF-61C9E90563F9}.Release|Any CPU.Build.0 = Release|Any CPU
	EndGlobalSection
	GlobalSection(SolutionProperties) = preSolution
		HideSolutionNode = FALSE
	EndGlobalSection
EndGlobal
